
Microsoft Visual Studio Solution File, Format Version 12.00
# Visual Studio Version 16
VisualStudioVersion = 16.0.29609.76
MinimumVisualStudioVersion = 10.0.40219.1
Project("{FAE04EC0-301F-11D3-BF4B-00C04F79EFBC}") = "Viaro", "Viaro.csproj", "{665A460A-161E-4862-BDFB-639A1940BE84}"
EndProject
Global
	GlobalSection(SolutionConfigurationPlatforms) = preSolution
		Debug|Any CPU = Debug|Any CPU
		Release|Any CPU = Release|Any CPU
	EndGlobalSection
	GlobalSection(ProjectConfigurationPlatforms) = postSolution
		{665A460A-161E-4862-BDFB-639A1940BE84}.Debug|Any CPU.ActiveCfg = Debug|Any CPU
		{665A460A-161E-4862-BDFB-639A1940BE84}.Debug|Any CPU.Build.0 = Debug|Any CPU
		{665A460A-161E-4862-BDFB-639A1940BE84}.Release|Any CPU.ActiveCfg = Release|Any CPU
		{665A460A-161E-4862-BDFB-639A1940BE84}.Release|Any CPU.Build.0 = Release|Any CPU
	EndGlobalSection
	GlobalSection(SolutionProperties) = preSolution
		HideSolutionNode = FALSE
	EndGlobalSection
	GlobalSection(ExtensibilityGlobals) = postSolution
		SolutionGuid = {7CDA36BC-6F64-48E5-A416-2427D999362A}
	EndGlobalSection
EndGlobal
